
Microsoft Visual Studio Solution File, Format Version 12.00
# Visual Studio Version 17
VisualStudioVersion = 17.0.32126.317
MinimumVisualStudioVersion = 10.0.40219.1
Project("{9A19103F-16F7-4668-BE54-9A1E7A4F7556}") = "SSHF", "Base\SSHF\SSHF.csproj", "{78F47A34-8410-4C03-B666-BC67958DB582}"
EndProject
Global
	GlobalSection(SolutionConfigurationPlatforms) = preSolution
		Debug|Any CPU = Debug|Any CPU
		Release|Any CPU = Release|Any CPU
	EndGlobalSection
	GlobalSection(ProjectConfigurationPlatforms) = postSolution
		{78F47A34-8410-4C03-B666-BC67958DB582}.Debug|Any CPU.ActiveCfg = Debug|Any CPU
		{78F47A34-8410-4C03-B666-BC67958DB582}.Debug|Any CPU.Build.0 = Debug|Any CPU
		{78F47A34-8410-4C03-B666-BC67958DB582}.Release|Any CPU.ActiveCfg = Release|Any CPU
		{78F47A34-8410-4C03-B666-BC67958DB582}.Release|Any CPU.Build.0 = Release|Any CPU
	EndGlobalSection
	GlobalSection(SolutionProperties) = preSolution
		HideSolutionNode = FALSE
	EndGlobalSection
	GlobalSection(NestedProjects) = preSolution
		{78F47A34-8410-4C03-B666-BC67958DB582} = {D2EEFB2F-8D40-4ACC-A477-0249A9B919B9}
	EndGlobalSection
	GlobalSection(ExtensibilityGlobals) = postSolution
		SolutionGuid = {DDBEEF57-7260-49E4-8935-DD396A25DD3C}
	EndGlobalSection
EndGlobal
