
Microsoft Visual Studio Solution File, Format Version 12.00
# Visual Studio Version 17
VisualStudioVersion = 17.0.32126.317
MinimumVisualStudioVersion = 10.0.40219.1
Project("{9A19103F-16F7-4668-BE54-9A1E7A4F7556}") = "SSHF+", "SSHF+.csproj", "{AC1A5FB9-834A-49FE-86C0-97A87B1867F0}"
	ProjectSection(ProjectDependencies) = postProject
		{78F47A34-8410-4C03-B666-BC67958DB582} = {78F47A34-8410-4C03-B666-BC67958DB582}
	EndProjectSection
EndProject
Project("{2150E333-8FDC-42A3-9474-1A3956D46DE8}") = "Test", "Test", "{77B1B603-A9AD-466F-AA05-EC850FA7623A}"
EndProject
Project("{9A19103F-16F7-4668-BE54-9A1E7A4F7556}") = "SSHF+Conslole", "Tests\SSHF+Conslole\SSHF+Conslole.csproj", "{EAEA7D62-6C87-4D79-A358-92541E505CB9}"
EndProject
Project("{9A19103F-16F7-4668-BE54-9A1E7A4F7556}") = "SSHF", "Tests\SSHF+WPFTest\SSHF.csproj", "{78F47A34-8410-4C03-B666-BC67958DB582}"
EndProject
Project("{2150E333-8FDC-42A3-9474-1A3956D46DE8}") = "Solution Items", "Solution Items", "{BF39D7CE-0B9C-49B4-A252-7DD009B63FCD}"
	ProjectSection(SolutionItems) = preProject
		.editorconfig = .editorconfig
	EndProjectSection
EndProject
Project("{2150E333-8FDC-42A3-9474-1A3956D46DE8}") = "Core", "Core", "{D2EEFB2F-8D40-4ACC-A477-0249A9B919B9}"
EndProject
Global
	GlobalSection(SolutionConfigurationPlatforms) = preSolution
		Debug|Any CPU = Debug|Any CPU
		Release|Any CPU = Release|Any CPU
	EndGlobalSection
	GlobalSection(ProjectConfigurationPlatforms) = postSolution
		{AC1A5FB9-834A-49FE-86C0-97A87B1867F0}.Debug|Any CPU.ActiveCfg = Debug|Any CPU
		{AC1A5FB9-834A-49FE-86C0-97A87B1867F0}.Debug|Any CPU.Build.0 = Debug|Any CPU
		{AC1A5FB9-834A-49FE-86C0-97A87B1867F0}.Release|Any CPU.ActiveCfg = Release|Any CPU
		{AC1A5FB9-834A-49FE-86C0-97A87B1867F0}.Release|Any CPU.Build.0 = Release|Any CPU
		{EAEA7D62-6C87-4D79-A358-92541E505CB9}.Debug|Any CPU.ActiveCfg = Debug|Any CPU
		{EAEA7D62-6C87-4D79-A358-92541E505CB9}.Debug|Any CPU.Build.0 = Debug|Any CPU
		{EAEA7D62-6C87-4D79-A358-92541E505CB9}.Release|Any CPU.ActiveCfg = Release|Any CPU
		{EAEA7D62-6C87-4D79-A358-92541E505CB9}.Release|Any CPU.Build.0 = Release|Any CPU
		{78F47A34-8410-4C03-B666-BC67958DB582}.Debug|Any CPU.ActiveCfg = Debug|Any CPU
		{78F47A34-8410-4C03-B666-BC67958DB582}.Debug|Any CPU.Build.0 = Debug|Any CPU
		{78F47A34-8410-4C03-B666-BC67958DB582}.Release|Any CPU.ActiveCfg = Release|Any CPU
		{78F47A34-8410-4C03-B666-BC67958DB582}.Release|Any CPU.Build.0 = Release|Any CPU
	EndGlobalSection
	GlobalSection(SolutionProperties) = preSolution
		HideSolutionNode = FALSE
	EndGlobalSection
	GlobalSection(NestedProjects) = preSolution
		{AC1A5FB9-834A-49FE-86C0-97A87B1867F0} = {77B1B603-A9AD-466F-AA05-EC850FA7623A}
		{EAEA7D62-6C87-4D79-A358-92541E505CB9} = {77B1B603-A9AD-466F-AA05-EC850FA7623A}
		{78F47A34-8410-4C03-B666-BC67958DB582} = {D2EEFB2F-8D40-4ACC-A477-0249A9B919B9}
		{BF39D7CE-0B9C-49B4-A252-7DD009B63FCD} = {77B1B603-A9AD-466F-AA05-EC850FA7623A}
	EndGlobalSection
	GlobalSection(ExtensibilityGlobals) = postSolution
		SolutionGuid = {DDBEEF57-7260-49E4-8935-DD396A25DD3C}
	EndGlobalSection
EndGlobal
